
Microsoft Visual Studio Solution File, Format Version 12.00
# Visual Studio 15
VisualStudioVersion = 15.0.26124.0
MinimumVisualStudioVersion = 15.0.26124.0
Project("{FAE04EC0-301F-11D3-BF4B-00C04F79EFBC}") = "GameTOP", "GameTOP\GameTOP.csproj", "{528DBA6E-FC2C-4BCF-B995-4DF5950BF1B1}"
EndProject
Project("{FAE04EC0-301F-11D3-BF4B-00C04F79EFBC}") = "GameTOP.Lib", "GameTOP.Lib\GameTOP.Lib.csproj", "{31EF6863-AFD0-490E-8357-0EC50D6ED19D}"
EndProject
Project("{FAE04EC0-301F-11D3-BF4B-00C04F79EFBC}") = "GameTOP.Interface", "GameTOP.Interface\GameTOP.Interface.csproj", "{922C74C8-2047-4493-90FA-E3A278B3103E}"
EndProject
Global
	GlobalSection(SolutionConfigurationPlatforms) = preSolution
		Debug|Any CPU = Debug|Any CPU
		Debug|x64 = Debug|x64
		Debug|x86 = Debug|x86
		Release|Any CPU = Release|Any CPU
		Release|x64 = Release|x64
		Release|x86 = Release|x86
	EndGlobalSection
	GlobalSection(SolutionProperties) = preSolution
		HideSolutionNode = FALSE
	EndGlobalSection
	GlobalSection(ProjectConfigurationPlatforms) = postSolution
		{528DBA6E-FC2C-4BCF-B995-4DF5950BF1B1}.Debug|Any CPU.ActiveCfg = Debug|Any CPU
		{528DBA6E-FC2C-4BCF-B995-4DF5950BF1B1}.Debug|Any CPU.Build.0 = Debug|Any CPU
		{528DBA6E-FC2C-4BCF-B995-4DF5950BF1B1}.Debug|x64.ActiveCfg = Debug|Any CPU
		{528DBA6E-FC2C-4BCF-B995-4DF5950BF1B1}.Debug|x64.Build.0 = Debug|Any CPU
		{528DBA6E-FC2C-4BCF-B995-4DF5950BF1B1}.Debug|x86.ActiveCfg = Debug|Any CPU
		{528DBA6E-FC2C-4BCF-B995-4DF5950BF1B1}.Debug|x86.Build.0 = Debug|Any CPU
		{528DBA6E-FC2C-4BCF-B995-4DF5950BF1B1}.Release|Any CPU.ActiveCfg = Release|Any CPU
		{528DBA6E-FC2C-4BCF-B995-4DF5950BF1B1}.Release|Any CPU.Build.0 = Release|Any CPU
		{528DBA6E-FC2C-4BCF-B995-4DF5950BF1B1}.Release|x64.ActiveCfg = Release|Any CPU
		{528DBA6E-FC2C-4BCF-B995-4DF5950BF1B1}.Release|x64.Build.0 = Release|Any CPU
		{528DBA6E-FC2C-4BCF-B995-4DF5950BF1B1}.Release|x86.ActiveCfg = Release|Any CPU
		{528DBA6E-FC2C-4BCF-B995-4DF5950BF1B1}.Release|x86.Build.0 = Release|Any CPU
		{31EF6863-AFD0-490E-8357-0EC50D6ED19D}.Debug|Any CPU.ActiveCfg = Debug|Any CPU
		{31EF6863-AFD0-490E-8357-0EC50D6ED19D}.Debug|Any CPU.Build.0 = Debug|Any CPU
		{31EF6863-AFD0-490E-8357-0EC50D6ED19D}.Debug|x64.ActiveCfg = Debug|Any CPU
		{31EF6863-AFD0-490E-8357-0EC50D6ED19D}.Debug|x64.Build.0 = Debug|Any CPU
		{31EF6863-AFD0-490E-8357-0EC50D6ED19D}.Debug|x86.ActiveCfg = Debug|Any CPU
		{31EF6863-AFD0-490E-8357-0EC50D6ED19D}.Debug|x86.Build.0 = Debug|Any CPU
		{31EF6863-AFD0-490E-8357-0EC50D6ED19D}.Release|Any CPU.ActiveCfg = Release|Any CPU
		{31EF6863-AFD0-490E-8357-0EC50D6ED19D}.Release|Any CPU.Build.0 = Release|Any CPU
		{31EF6863-AFD0-490E-8357-0EC50D6ED19D}.Release|x64.ActiveCfg = Release|Any CPU
		{31EF6863-AFD0-490E-8357-0EC50D6ED19D}.Release|x64.Build.0 = Release|Any CPU
		{31EF6863-AFD0-490E-8357-0EC50D6ED19D}.Release|x86.ActiveCfg = Release|Any CPU
		{31EF6863-AFD0-490E-8357-0EC50D6ED19D}.Release|x86.Build.0 = Release|Any CPU
		{922C74C8-2047-4493-90FA-E3A278B3103E}.Debug|Any CPU.ActiveCfg = Debug|Any CPU
		{922C74C8-2047-4493-90FA-E3A278B3103E}.Debug|Any CPU.Build.0 = Debug|Any CPU
		{922C74C8-2047-4493-90FA-E3A278B3103E}.Debug|x64.ActiveCfg = Debug|Any CPU
		{922C74C8-2047-4493-90FA-E3A278B3103E}.Debug|x64.Build.0 = Debug|Any CPU
		{922C74C8-2047-4493-90FA-E3A278B3103E}.Debug|x86.ActiveCfg = Debug|Any CPU
		{922C74C8-2047-4493-90FA-E3A278B3103E}.Debug|x86.Build.0 = Debug|Any CPU
		{922C74C8-2047-4493-90FA-E3A278B3103E}.Release|Any CPU.ActiveCfg = Release|Any CPU
		{922C74C8-2047-4493-90FA-E3A278B3103E}.Release|Any CPU.Build.0 = Release|Any CPU
		{922C74C8-2047-4493-90FA-E3A278B3103E}.Release|x64.ActiveCfg = Release|Any CPU
		{922C74C8-2047-4493-90FA-E3A278B3103E}.Release|x64.Build.0 = Release|Any CPU
		{922C74C8-2047-4493-90FA-E3A278B3103E}.Release|x86.ActiveCfg = Release|Any CPU
		{922C74C8-2047-4493-90FA-E3A278B3103E}.Release|x86.Build.0 = Release|Any CPU
	EndGlobalSection
EndGlobal
